{
  "version": 4,
  "terraform_version": "1.11.4",
  "serial": 23,
  "lineage": "dcf41c8c-5639-3d01-9994-f52671757f4b",
  "outputs": {},
  "resources": [
    {
      "mode": "managed",
      "type": "local_file",
      "name": "abc",
      "provider": "provider[\"registry.terraform.io/hashicorp/local\"]",
      "instances": [
        {
          "schema_version": 0,
          "attributes": {
            "content": "123456!",
            "content_base64": null,
            "content_base64sha256": "Bp9X2umAebhCqVbkHQgedkh1kaKtZfp6RQcXwasZdn8=",
            "content_base64sha512": "nV4y4NFNhhtrCMqxEjmQB1T8CwCfcCvDK5NcEKS1VtCfnSpbZYDtZcRB/BKS3jq1w2wvzC0djmjmKB3xjRX7EQ==",
            "content_md5": "b7dfe9134c7a717a3b6eaf37bdc1ef7b",
            "content_sha1": "c8292d7fbfe1c7aff91fe5f1c27391bcdd2ac6a1",
            "content_sha256": "069f57dae98079b842a956e41d081e76487591a2ad65fa7a450717c1ab19767f",
            "content_sha512": "9d5e32e0d14d861b6b08cab11239900754fc0b009f702bc32b935c10a4b556d09f9d2a5b6580ed65c441fc1292de3ab5c36c2fcc2d1d8e68e6281df18d15fb11",
            "directory_permission": "0777",
            "file_permission": "0777",
            "filename": "./abc.txt",
            "id": "c8292d7fbfe1c7aff91fe5f1c27391bcdd2ac6a1",
            "sensitive_content": null,
            "source": null
          },
          "sensitive_attributes": [
            [
              {
                "type": "get_attr",
                "value": "sensitive_content"
              }
            ]
          ]
        }
      ]
    },
    {
      "mode": "managed",
      "type": "local_file",
      "name": "def",
      "provider": "provider[\"registry.terraform.io/hashicorp/local\"]",
      "instances": [
        {
          "schema_version": 0,
          "attributes": {
            "content": "123456!",
            "content_base64": null,
            "content_base64sha256": "Bp9X2umAebhCqVbkHQgedkh1kaKtZfp6RQcXwasZdn8=",
            "content_base64sha512": "nV4y4NFNhhtrCMqxEjmQB1T8CwCfcCvDK5NcEKS1VtCfnSpbZYDtZcRB/BKS3jq1w2wvzC0djmjmKB3xjRX7EQ==",
            "content_md5": "b7dfe9134c7a717a3b6eaf37bdc1ef7b",
            "content_sha1": "c8292d7fbfe1c7aff91fe5f1c27391bcdd2ac6a1",
            "content_sha256": "069f57dae98079b842a956e41d081e76487591a2ad65fa7a450717c1ab19767f",
            "content_sha512": "9d5e32e0d14d861b6b08cab11239900754fc0b009f702bc32b935c10a4b556d09f9d2a5b6580ed65c441fc1292de3ab5c36c2fcc2d1d8e68e6281df18d15fb11",
            "directory_permission": "0777",
            "file_permission": "0777",
            "filename": "./def.txt",
            "id": "c8292d7fbfe1c7aff91fe5f1c27391bcdd2ac6a1",
            "sensitive_content": null,
            "source": null
          },
          "sensitive_attributes": [
            [
              {
                "type": "get_attr",
                "value": "sensitive_content"
              }
            ]
          ],
          "dependencies": [
            "local_file.abc"
          ]
        }
      ]
    }
  ],
  "check_results": null
}
